
Microsoft Visual Studio Solution File, Format Version 10.00
# Visual C++ Express 2008
Project("{8BC9CEB8-8B4A-11D0-8D11-00A0C91BC942}") = "PostgreSQL module", "src\modules\database\postgresql\postgresql.vcxproj", "{F22F83DA-6B34-46DC-BB51-2EFB6827B482}"
EndProject
Project("{8BC9CEB8-8B4A-11D0-8D11-00A0C91BC942}") = "SQLite3 module", "src\modules\database\sqlite3\sqlite3.vcxproj", "{3A01E671-DD01-47DF-84C8-ABCED3A8969B}"
EndProject
Project("{8BC9CEB8-8B4A-11D0-8D11-00A0C91BC942}") = "libwolframe", "src\libwolframe\libwolframe.vcproj", "{F9561C18-71A4-4633-B863-353F877B9D59}"
EndProject
Global
	GlobalSection(SolutionConfigurationPlatforms) = preSolution
		Debug|Win32 = Debug|Win32
		Debug|x64 = Debug|x64
		Release|Win32 = Release|Win32
		Release|x64 = Release|x64
	EndGlobalSection
	GlobalSection(ProjectConfigurationPlatforms) = postSolution
		{F22F83DA-6B34-46DC-BB51-2EFB6827B482}.Debug|Win32.ActiveCfg = Debug|Win32
		{F22F83DA-6B34-46DC-BB51-2EFB6827B482}.Debug|Win32.Build.0 = Debug|Win32
		{F22F83DA-6B34-46DC-BB51-2EFB6827B482}.Debug|x64.ActiveCfg = Debug|x64
		{F22F83DA-6B34-46DC-BB51-2EFB6827B482}.Debug|x64.Build.0 = Debug|x64
		{F22F83DA-6B34-46DC-BB51-2EFB6827B482}.Release|Win32.ActiveCfg = Release|Win32
		{F22F83DA-6B34-46DC-BB51-2EFB6827B482}.Release|Win32.Build.0 = Release|Win32
		{F22F83DA-6B34-46DC-BB51-2EFB6827B482}.Release|x64.ActiveCfg = Release|x64
		{F22F83DA-6B34-46DC-BB51-2EFB6827B482}.Release|x64.Build.0 = Release|x64
		{3A01E671-DD01-47DF-84C8-ABCED3A8969B}.Debug|Win32.ActiveCfg = Debug|Win32
		{3A01E671-DD01-47DF-84C8-ABCED3A8969B}.Debug|Win32.Build.0 = Debug|Win32
		{3A01E671-DD01-47DF-84C8-ABCED3A8969B}.Debug|x64.ActiveCfg = Debug|x64
		{3A01E671-DD01-47DF-84C8-ABCED3A8969B}.Debug|x64.Build.0 = Debug|x64
		{3A01E671-DD01-47DF-84C8-ABCED3A8969B}.Release|Win32.ActiveCfg = Release|Win32
		{3A01E671-DD01-47DF-84C8-ABCED3A8969B}.Release|Win32.Build.0 = Release|Win32
		{3A01E671-DD01-47DF-84C8-ABCED3A8969B}.Release|x64.ActiveCfg = Release|x64
		{3A01E671-DD01-47DF-84C8-ABCED3A8969B}.Release|x64.Build.0 = Release|x64
		{F9561C18-71A4-4633-B863-353F877B9D59}.Debug|Win32.ActiveCfg = Debug|Win32
		{F9561C18-71A4-4633-B863-353F877B9D59}.Debug|Win32.Build.0 = Debug|Win32
		{F9561C18-71A4-4633-B863-353F877B9D59}.Debug|x64.ActiveCfg = Debug|Win32
		{F9561C18-71A4-4633-B863-353F877B9D59}.Debug|x64.Build.0 = Debug|Win32
		{F9561C18-71A4-4633-B863-353F877B9D59}.Release|Win32.ActiveCfg = Release|Win32
		{F9561C18-71A4-4633-B863-353F877B9D59}.Release|Win32.Build.0 = Release|Win32
		{F9561C18-71A4-4633-B863-353F877B9D59}.Release|x64.ActiveCfg = Release|Win32
	EndGlobalSection
	GlobalSection(SolutionProperties) = preSolution
		HideSolutionNode = FALSE
	EndGlobalSection
EndGlobal
