
Microsoft Visual Studio Solution File, Format Version 11.00
# Visual Studio 2010
Project("{FAE04EC0-301F-11D3-BF4B-00C04F79EFBC}") = "WolframeClient", "WolframeClient.csproj", "{662B7FA0-522B-4E2E-9CE0-1B69810E6A9E}"
EndProject
Global
	GlobalSection(SolutionConfigurationPlatforms) = preSolution
		Debug|Any CPU = Debug|Any CPU
		Release|Any CPU = Release|Any CPU
	EndGlobalSection
	GlobalSection(ProjectConfigurationPlatforms) = postSolution
		{662B7FA0-522B-4E2E-9CE0-1B69810E6A9E}.Debug|Any CPU.ActiveCfg = Debug|Any CPU
		{662B7FA0-522B-4E2E-9CE0-1B69810E6A9E}.Debug|Any CPU.Build.0 = Debug|Any CPU
		{662B7FA0-522B-4E2E-9CE0-1B69810E6A9E}.Release|Any CPU.ActiveCfg = Release|Any CPU
		{662B7FA0-522B-4E2E-9CE0-1B69810E6A9E}.Release|Any CPU.Build.0 = Release|Any CPU
	EndGlobalSection
	GlobalSection(SolutionProperties) = preSolution
		HideSolutionNode = FALSE
	EndGlobalSection
EndGlobal
